
Microsoft Visual Studio Solution File, Format Version 12.00
# Visual Studio Version 16
VisualStudioVersion = 16.0.30611.23
MinimumVisualStudioVersion = 10.0.40219.1
Project("{FAE04EC0-301F-11D3-BF4B-00C04F79EFBC}") = "WebApplication15", "WebApplication15\WebApplication15.csproj", "{A7B85AFE-B83A-4433-B505-1637B9DC2CEE}"
EndProject
Global
	GlobalSection(SolutionConfigurationPlatforms) = preSolution
		Debug|Any CPU = Debug|Any CPU
		Release|Any CPU = Release|Any CPU
	EndGlobalSection
	GlobalSection(ProjectConfigurationPlatforms) = postSolution
		{A7B85AFE-B83A-4433-B505-1637B9DC2CEE}.Debug|Any CPU.ActiveCfg = Debug|Any CPU
		{A7B85AFE-B83A-4433-B505-1637B9DC2CEE}.Debug|Any CPU.Build.0 = Debug|Any CPU
		{A7B85AFE-B83A-4433-B505-1637B9DC2CEE}.Release|Any CPU.ActiveCfg = Release|Any CPU
		{A7B85AFE-B83A-4433-B505-1637B9DC2CEE}.Release|Any CPU.Build.0 = Release|Any CPU
	EndGlobalSection
	GlobalSection(SolutionProperties) = preSolution
		HideSolutionNode = FALSE
	EndGlobalSection
	GlobalSection(ExtensibilityGlobals) = postSolution
		SolutionGuid = {793CD945-CF07-481E-B3DF-7BE69AEBFF90}
	EndGlobalSection
EndGlobal
